{
  "pins" : [
    {
      "identity" : "windowreader",
      "kind" : "remoteSourceControl",
      "location" : "https://github.com/divadretlaw/WindowReader",
      "state" : {
        "revision" : "03c1db131e860315721e71501bb056c08c9c0153",
        "version" : "1.3.0"
      }
    },
    {
      "identity" : "windowscenereader",
      "kind" : "remoteSourceControl",
      "location" : "https://github.com/divadretlaw/WindowSceneReader",
      "state" : {
        "revision" : "5f66d4d5eec1ee6a0d2ea14bb17007b5625bf10d",
        "version" : "2.2.0"
      }
    }
  ],
  "version" : 2
}
