{
  "pins" : [
    {
      "identity" : "windowreader",
      "kind" : "remoteSourceControl",
      "location" : "https://github.com/divadretlaw/WindowReader",
      "state" : {
        "revision" : "7e1f994df0ed26a7d7a139f1fce2537d2c931059",
        "version" : "2.0.0"
      }
    },
    {
      "identity" : "windowscenereader",
      "kind" : "remoteSourceControl",
      "location" : "https://github.com/divadretlaw/WindowSceneReader",
      "state" : {
        "revision" : "c6e9e9ce20683a7d310d0ec1812ae999845ecd6b",
        "version" : "3.1.1"
      }
    }
  ],
  "version" : 2
}
