{
  "pins" : [
    {
      "identity" : "windowreader",
      "kind" : "remoteSourceControl",
      "location" : "https://github.com/divadretlaw/WindowReader",
      "state" : {
        "revision" : "295d4e6c1aacd3c6a79e47c70f7b2745b8e0399e",
        "version" : "2.0.1"
      }
    },
    {
      "identity" : "windowscenereader",
      "kind" : "remoteSourceControl",
      "location" : "https://github.com/divadretlaw/WindowSceneReader",
      "state" : {
        "revision" : "c6e9e9ce20683a7d310d0ec1812ae999845ecd6b",
        "version" : "3.1.1"
      }
    }
  ],
  "version" : 2
}
